
Microsoft Visual Studio Solution File, Format Version 12.00
# Visual Studio Version 17
VisualStudioVersion = 17.14.36401.2
MinimumVisualStudioVersion = 10.0.40219.1
Project("{FAE04EC0-301F-11D3-BF4B-00C04F79EFBC}") = "TestApp", "TestApp\TestApp.csproj", "{57DF2B6F-49D3-4832-BFF0-C097E03FA1B8}"
EndProject
Project("{FAE04EC0-301F-11D3-BF4B-00C04F79EFBC}") = "TestWinform", "LearningWinform\TestWinform.csproj", "{4C646DFE-9A6C-4255-B27C-00B6450EE347}"
EndProject
Project("{2150E333-8FDC-42A3-9474-1A3956D46DE8}") = "WPF", "WPF", "{02EA681E-C7D8-13C7-8484-4AC65E1B71E8}"
EndProject
Project("{FAE04EC0-301F-11D3-BF4B-00C04F79EFBC}") = "WpfApp", "WpfApp\WpfApp.csproj", "{097D898C-EC44-48C3-A6A4-A0C36D39A86E}"
EndProject
Project("{FAE04EC0-301F-11D3-BF4B-00C04F79EFBC}") = "CustomUserControl", "CustomUserControl\CustomUserControl.csproj", "{B33E26C5-82A7-4352-90C7-A451A2FBAC7C}"
EndProject
Project("{FAE04EC0-301F-11D3-BF4B-00C04F79EFBC}") = "DataBingExample", "DataBingExample\DataBingExample.csproj", "{2DBFEC19-974F-4B2F-B451-CB941104D5AF}"
EndProject
Project("{FAE04EC0-301F-11D3-BF4B-00C04F79EFBC}") = "MessageBoxExample", "MessageBoxExample\MessageBoxExample.csproj", "{12FFB2AB-6E7D-4326-B6CB-E965DF99E134}"
EndProject
Project("{FAE04EC0-301F-11D3-BF4B-00C04F79EFBC}") = "OpenFileDialogExample", "OpenFileDialogExample\OpenFileDialogExample.csproj", "{A386B384-BE5E-41FD-BFCA-519988D1C157}"
EndProject
Project("{FAE04EC0-301F-11D3-BF4B-00C04F79EFBC}") = "FolderBrowserDialog", "FolderBrowserDialog\FolderBrowserDialog.csproj", "{8FCBAE68-FD83-4D68-A92D-F7A741874EA9}"
EndProject
Project("{FAE04EC0-301F-11D3-BF4B-00C04F79EFBC}") = "ListViewExample", "ListViewExample\ListViewExample.csproj", "{AA9D3DC2-06C4-4D2C-9EE4-98376908E278}"
EndProject
Project("{FAE04EC0-301F-11D3-BF4B-00C04F79EFBC}") = "GridSplitterExample", "GridSplitterExample\GridSplitterExample.csproj", "{16C00163-F603-43F7-8722-D2882572D028}"
EndProject
Project("{FAE04EC0-301F-11D3-BF4B-00C04F79EFBC}") = "ExpanderExample", "ExpanderExample\ExpanderExample.csproj", "{C019538A-1902-454A-8247-EF651F02ECBF}"
EndProject
Project("{FAE04EC0-301F-11D3-BF4B-00C04F79EFBC}") = "myFirstAoo", "myFirstAoo\myFirstAoo.csproj", "{88E83358-EEE7-4057-9792-72B2A47AEAD8}"
EndProject
Project("{2150E333-8FDC-42A3-9474-1A3956D46DE8}") = "Winform", "Winform", "{5E2A5A38-2470-4F31-AC62-D0D99AC60C32}"
EndProject
Project("{FAE04EC0-301F-11D3-BF4B-00C04F79EFBC}") = "ScrowViewerExample", "ScrowViewerExample\ScrowViewerExample.csproj", "{50917967-C9BB-42C0-89DA-326573834169}"
EndProject
Project("{FAE04EC0-301F-11D3-BF4B-00C04F79EFBC}") = "CustomWindow", "CustomWindow\CustomWindow.csproj", "{D90C333C-C5B5-4BF8-A4E4-650055C3EFC9}"
EndProject
Project("{FAE04EC0-301F-11D3-BF4B-00C04F79EFBC}") = "CustomWindowControl", "CustomWindowControl\CustomWindowControl.csproj", "{6AB3ACDD-4203-48DF-A668-0C1425483ECE}"
EndProject
Project("{FAE04EC0-301F-11D3-BF4B-00C04F79EFBC}") = "CustomWindowShow_ShowDialog", "CustomWindowShow_ShowDialog\CustomWindowShow_ShowDialog.csproj", "{C6FB071D-5A35-47DA-B671-59599A6B1586}"
EndProject
Project("{FAE04EC0-301F-11D3-BF4B-00C04F79EFBC}") = "ReusableStyleResourcesExample", "ReusableStyleResourcesExample\ReusableStyleResourcesExample.csproj", "{E266EA41-4B72-4F83-872C-6ECF76BAC64E}"
EndProject
Global
	GlobalSection(SolutionConfigurationPlatforms) = preSolution
		Debug|Any CPU = Debug|Any CPU
		Release|Any CPU = Release|Any CPU
	EndGlobalSection
	GlobalSection(ProjectConfigurationPlatforms) = postSolution
		{57DF2B6F-49D3-4832-BFF0-C097E03FA1B8}.Debug|Any CPU.ActiveCfg = Debug|Any CPU
		{57DF2B6F-49D3-4832-BFF0-C097E03FA1B8}.Debug|Any CPU.Build.0 = Debug|Any CPU
		{57DF2B6F-49D3-4832-BFF0-C097E03FA1B8}.Release|Any CPU.ActiveCfg = Release|Any CPU
		{57DF2B6F-49D3-4832-BFF0-C097E03FA1B8}.Release|Any CPU.Build.0 = Release|Any CPU
		{4C646DFE-9A6C-4255-B27C-00B6450EE347}.Debug|Any CPU.ActiveCfg = Debug|Any CPU
		{4C646DFE-9A6C-4255-B27C-00B6450EE347}.Debug|Any CPU.Build.0 = Debug|Any CPU
		{4C646DFE-9A6C-4255-B27C-00B6450EE347}.Release|Any CPU.ActiveCfg = Release|Any CPU
		{4C646DFE-9A6C-4255-B27C-00B6450EE347}.Release|Any CPU.Build.0 = Release|Any CPU
		{097D898C-EC44-48C3-A6A4-A0C36D39A86E}.Debug|Any CPU.ActiveCfg = Debug|Any CPU
		{097D898C-EC44-48C3-A6A4-A0C36D39A86E}.Debug|Any CPU.Build.0 = Debug|Any CPU
		{097D898C-EC44-48C3-A6A4-A0C36D39A86E}.Release|Any CPU.ActiveCfg = Release|Any CPU
		{097D898C-EC44-48C3-A6A4-A0C36D39A86E}.Release|Any CPU.Build.0 = Release|Any CPU
		{B33E26C5-82A7-4352-90C7-A451A2FBAC7C}.Debug|Any CPU.ActiveCfg = Debug|Any CPU
		{B33E26C5-82A7-4352-90C7-A451A2FBAC7C}.Debug|Any CPU.Build.0 = Debug|Any CPU
		{B33E26C5-82A7-4352-90C7-A451A2FBAC7C}.Release|Any CPU.ActiveCfg = Release|Any CPU
		{B33E26C5-82A7-4352-90C7-A451A2FBAC7C}.Release|Any CPU.Build.0 = Release|Any CPU
		{2DBFEC19-974F-4B2F-B451-CB941104D5AF}.Debug|Any CPU.ActiveCfg = Debug|Any CPU
		{2DBFEC19-974F-4B2F-B451-CB941104D5AF}.Debug|Any CPU.Build.0 = Debug|Any CPU
		{2DBFEC19-974F-4B2F-B451-CB941104D5AF}.Release|Any CPU.ActiveCfg = Release|Any CPU
		{2DBFEC19-974F-4B2F-B451-CB941104D5AF}.Release|Any CPU.Build.0 = Release|Any CPU
		{12FFB2AB-6E7D-4326-B6CB-E965DF99E134}.Debug|Any CPU.ActiveCfg = Debug|Any CPU
		{12FFB2AB-6E7D-4326-B6CB-E965DF99E134}.Debug|Any CPU.Build.0 = Debug|Any CPU
		{12FFB2AB-6E7D-4326-B6CB-E965DF99E134}.Release|Any CPU.ActiveCfg = Release|Any CPU
		{12FFB2AB-6E7D-4326-B6CB-E965DF99E134}.Release|Any CPU.Build.0 = Release|Any CPU
		{A386B384-BE5E-41FD-BFCA-519988D1C157}.Debug|Any CPU.ActiveCfg = Debug|Any CPU
		{A386B384-BE5E-41FD-BFCA-519988D1C157}.Debug|Any CPU.Build.0 = Debug|Any CPU
		{A386B384-BE5E-41FD-BFCA-519988D1C157}.Release|Any CPU.ActiveCfg = Release|Any CPU
		{A386B384-BE5E-41FD-BFCA-519988D1C157}.Release|Any CPU.Build.0 = Release|Any CPU
		{8FCBAE68-FD83-4D68-A92D-F7A741874EA9}.Debug|Any CPU.ActiveCfg = Debug|Any CPU
		{8FCBAE68-FD83-4D68-A92D-F7A741874EA9}.Debug|Any CPU.Build.0 = Debug|Any CPU
		{8FCBAE68-FD83-4D68-A92D-F7A741874EA9}.Release|Any CPU.ActiveCfg = Release|Any CPU
		{8FCBAE68-FD83-4D68-A92D-F7A741874EA9}.Release|Any CPU.Build.0 = Release|Any CPU
		{AA9D3DC2-06C4-4D2C-9EE4-98376908E278}.Debug|Any CPU.ActiveCfg = Debug|Any CPU
		{AA9D3DC2-06C4-4D2C-9EE4-98376908E278}.Debug|Any CPU.Build.0 = Debug|Any CPU
		{AA9D3DC2-06C4-4D2C-9EE4-98376908E278}.Release|Any CPU.ActiveCfg = Release|Any CPU
		{AA9D3DC2-06C4-4D2C-9EE4-98376908E278}.Release|Any CPU.Build.0 = Release|Any CPU
		{16C00163-F603-43F7-8722-D2882572D028}.Debug|Any CPU.ActiveCfg = Debug|Any CPU
		{16C00163-F603-43F7-8722-D2882572D028}.Debug|Any CPU.Build.0 = Debug|Any CPU
		{16C00163-F603-43F7-8722-D2882572D028}.Release|Any CPU.ActiveCfg = Release|Any CPU
		{16C00163-F603-43F7-8722-D2882572D028}.Release|Any CPU.Build.0 = Release|Any CPU
		{C019538A-1902-454A-8247-EF651F02ECBF}.Debug|Any CPU.ActiveCfg = Debug|Any CPU
		{C019538A-1902-454A-8247-EF651F02ECBF}.Debug|Any CPU.Build.0 = Debug|Any CPU
		{C019538A-1902-454A-8247-EF651F02ECBF}.Release|Any CPU.ActiveCfg = Release|Any CPU
		{C019538A-1902-454A-8247-EF651F02ECBF}.Release|Any CPU.Build.0 = Release|Any CPU
		{88E83358-EEE7-4057-9792-72B2A47AEAD8}.Debug|Any CPU.ActiveCfg = Debug|Any CPU
		{88E83358-EEE7-4057-9792-72B2A47AEAD8}.Debug|Any CPU.Build.0 = Debug|Any CPU
		{88E83358-EEE7-4057-9792-72B2A47AEAD8}.Release|Any CPU.ActiveCfg = Release|Any CPU
		{88E83358-EEE7-4057-9792-72B2A47AEAD8}.Release|Any CPU.Build.0 = Release|Any CPU
		{50917967-C9BB-42C0-89DA-326573834169}.Debug|Any CPU.ActiveCfg = Debug|Any CPU
		{50917967-C9BB-42C0-89DA-326573834169}.Debug|Any CPU.Build.0 = Debug|Any CPU
		{50917967-C9BB-42C0-89DA-326573834169}.Release|Any CPU.ActiveCfg = Release|Any CPU
		{50917967-C9BB-42C0-89DA-326573834169}.Release|Any CPU.Build.0 = Release|Any CPU
		{D90C333C-C5B5-4BF8-A4E4-650055C3EFC9}.Debug|Any CPU.ActiveCfg = Debug|Any CPU
		{D90C333C-C5B5-4BF8-A4E4-650055C3EFC9}.Debug|Any CPU.Build.0 = Debug|Any CPU
		{D90C333C-C5B5-4BF8-A4E4-650055C3EFC9}.Release|Any CPU.ActiveCfg = Release|Any CPU
		{D90C333C-C5B5-4BF8-A4E4-650055C3EFC9}.Release|Any CPU.Build.0 = Release|Any CPU
		{6AB3ACDD-4203-48DF-A668-0C1425483ECE}.Debug|Any CPU.ActiveCfg = Debug|Any CPU
		{6AB3ACDD-4203-48DF-A668-0C1425483ECE}.Debug|Any CPU.Build.0 = Debug|Any CPU
		{6AB3ACDD-4203-48DF-A668-0C1425483ECE}.Release|Any CPU.ActiveCfg = Release|Any CPU
		{6AB3ACDD-4203-48DF-A668-0C1425483ECE}.Release|Any CPU.Build.0 = Release|Any CPU
		{C6FB071D-5A35-47DA-B671-59599A6B1586}.Debug|Any CPU.ActiveCfg = Debug|Any CPU
		{C6FB071D-5A35-47DA-B671-59599A6B1586}.Debug|Any CPU.Build.0 = Debug|Any CPU
		{C6FB071D-5A35-47DA-B671-59599A6B1586}.Release|Any CPU.ActiveCfg = Release|Any CPU
		{C6FB071D-5A35-47DA-B671-59599A6B1586}.Release|Any CPU.Build.0 = Release|Any CPU
		{E266EA41-4B72-4F83-872C-6ECF76BAC64E}.Debug|Any CPU.ActiveCfg = Debug|Any CPU
		{E266EA41-4B72-4F83-872C-6ECF76BAC64E}.Debug|Any CPU.Build.0 = Debug|Any CPU
		{E266EA41-4B72-4F83-872C-6ECF76BAC64E}.Release|Any CPU.ActiveCfg = Release|Any CPU
		{E266EA41-4B72-4F83-872C-6ECF76BAC64E}.Release|Any CPU.Build.0 = Release|Any CPU
	EndGlobalSection
	GlobalSection(SolutionProperties) = preSolution
		HideSolutionNode = FALSE
	EndGlobalSection
	GlobalSection(NestedProjects) = preSolution
		{57DF2B6F-49D3-4832-BFF0-C097E03FA1B8} = {5E2A5A38-2470-4F31-AC62-D0D99AC60C32}
		{4C646DFE-9A6C-4255-B27C-00B6450EE347} = {5E2A5A38-2470-4F31-AC62-D0D99AC60C32}
		{097D898C-EC44-48C3-A6A4-A0C36D39A86E} = {02EA681E-C7D8-13C7-8484-4AC65E1B71E8}
		{B33E26C5-82A7-4352-90C7-A451A2FBAC7C} = {02EA681E-C7D8-13C7-8484-4AC65E1B71E8}
		{2DBFEC19-974F-4B2F-B451-CB941104D5AF} = {02EA681E-C7D8-13C7-8484-4AC65E1B71E8}
		{12FFB2AB-6E7D-4326-B6CB-E965DF99E134} = {02EA681E-C7D8-13C7-8484-4AC65E1B71E8}
		{A386B384-BE5E-41FD-BFCA-519988D1C157} = {02EA681E-C7D8-13C7-8484-4AC65E1B71E8}
		{8FCBAE68-FD83-4D68-A92D-F7A741874EA9} = {02EA681E-C7D8-13C7-8484-4AC65E1B71E8}
		{AA9D3DC2-06C4-4D2C-9EE4-98376908E278} = {02EA681E-C7D8-13C7-8484-4AC65E1B71E8}
		{16C00163-F603-43F7-8722-D2882572D028} = {02EA681E-C7D8-13C7-8484-4AC65E1B71E8}
		{C019538A-1902-454A-8247-EF651F02ECBF} = {02EA681E-C7D8-13C7-8484-4AC65E1B71E8}
		{88E83358-EEE7-4057-9792-72B2A47AEAD8} = {5E2A5A38-2470-4F31-AC62-D0D99AC60C32}
		{50917967-C9BB-42C0-89DA-326573834169} = {02EA681E-C7D8-13C7-8484-4AC65E1B71E8}
		{D90C333C-C5B5-4BF8-A4E4-650055C3EFC9} = {02EA681E-C7D8-13C7-8484-4AC65E1B71E8}
		{6AB3ACDD-4203-48DF-A668-0C1425483ECE} = {02EA681E-C7D8-13C7-8484-4AC65E1B71E8}
		{C6FB071D-5A35-47DA-B671-59599A6B1586} = {02EA681E-C7D8-13C7-8484-4AC65E1B71E8}
		{E266EA41-4B72-4F83-872C-6ECF76BAC64E} = {02EA681E-C7D8-13C7-8484-4AC65E1B71E8}
	EndGlobalSection
	GlobalSection(ExtensibilityGlobals) = postSolution
		SolutionGuid = {9D9F6C7F-EF40-491E-A607-5F57F0275434}
	EndGlobalSection
EndGlobal
