
Microsoft Visual Studio Solution File, Format Version 12.00
# Visual Studio Version 17
VisualStudioVersion = 17.14.36401.2
MinimumVisualStudioVersion = 10.0.40219.1
Project("{FAE04EC0-301F-11D3-BF4B-00C04F79EFBC}") = "TestApp", "TestApp\TestApp.csproj", "{57DF2B6F-49D3-4832-BFF0-C097E03FA1B8}"
EndProject
Project("{FAE04EC0-301F-11D3-BF4B-00C04F79EFBC}") = "TestWinform", "LearningWinform\TestWinform.csproj", "{4C646DFE-9A6C-4255-B27C-00B6450EE347}"
EndProject
Project("{2150E333-8FDC-42A3-9474-1A3956D46DE8}") = "WPF", "WPF", "{02EA681E-C7D8-13C7-8484-4AC65E1B71E8}"
EndProject
Project("{FAE04EC0-301F-11D3-BF4B-00C04F79EFBC}") = "WpfApp", "WpfApp\WpfApp.csproj", "{097D898C-EC44-48C3-A6A4-A0C36D39A86E}"
EndProject
Project("{FAE04EC0-301F-11D3-BF4B-00C04F79EFBC}") = "CustomUserControl", "CustomUserControl\CustomUserControl.csproj", "{B33E26C5-82A7-4352-90C7-A451A2FBAC7C}"
EndProject
Project("{FAE04EC0-301F-11D3-BF4B-00C04F79EFBC}") = "DataBingExample", "DataBingExample\DataBingExample.csproj", "{2DBFEC19-974F-4B2F-B451-CB941104D5AF}"
EndProject
Project("{FAE04EC0-301F-11D3-BF4B-00C04F79EFBC}") = "MessageBoxExample", "MessageBoxExample\MessageBoxExample.csproj", "{12FFB2AB-6E7D-4326-B6CB-E965DF99E134}"
EndProject
Project("{FAE04EC0-301F-11D3-BF4B-00C04F79EFBC}") = "OpenFileDialogExample", "OpenFileDialogExample\OpenFileDialogExample.csproj", "{A386B384-BE5E-41FD-BFCA-519988D1C157}"
EndProject
Project("{FAE04EC0-301F-11D3-BF4B-00C04F79EFBC}") = "FolderBrowserDialog", "FolderBrowserDialog\FolderBrowserDialog.csproj", "{8FCBAE68-FD83-4D68-A92D-F7A741874EA9}"
EndProject
Project("{FAE04EC0-301F-11D3-BF4B-00C04F79EFBC}") = "ListViewExample", "ListViewExample\ListViewExample.csproj", "{AA9D3DC2-06C4-4D2C-9EE4-98376908E278}"
EndProject
Project("{FAE04EC0-301F-11D3-BF4B-00C04F79EFBC}") = "GridSplitterExample", "GridSplitterExample\GridSplitterExample.csproj", "{16C00163-F603-43F7-8722-D2882572D028}"
EndProject
Project("{FAE04EC0-301F-11D3-BF4B-00C04F79EFBC}") = "ExpanderExample", "ExpanderExample\ExpanderExample.csproj", "{C019538A-1902-454A-8247-EF651F02ECBF}"
EndProject
Project("{FAE04EC0-301F-11D3-BF4B-00C04F79EFBC}") = "myFirstAoo", "myFirstAoo\myFirstAoo.csproj", "{88E83358-EEE7-4057-9792-72B2A47AEAD8}"
EndProject
Project("{2150E333-8FDC-42A3-9474-1A3956D46DE8}") = "Winform", "Winform", "{5E2A5A38-2470-4F31-AC62-D0D99AC60C32}"
EndProject
Project("{FAE04EC0-301F-11D3-BF4B-00C04F79EFBC}") = "ScrowViewerExample", "ScrowViewerExample\ScrowViewerExample.csproj", "{50917967-C9BB-42C0-89DA-326573834169}"
EndProject
Project("{FAE04EC0-301F-11D3-BF4B-00C04F79EFBC}") = "CustomWindow", "CustomWindow\CustomWindow.csproj", "{D90C333C-C5B5-4BF8-A4E4-650055C3EFC9}"
EndProject
Project("{FAE04EC0-301F-11D3-BF4B-00C04F79EFBC}") = "CustomWindowControl", "CustomWindowControl\CustomWindowControl.csproj", "{6AB3ACDD-4203-48DF-A668-0C1425483ECE}"
EndProject
Project("{FAE04EC0-301F-11D3-BF4B-00C04F79EFBC}") = "CustomWindowShow_ShowDialog", "CustomWindowShow_ShowDialog\CustomWindowShow_ShowDialog.csproj", "{C6FB071D-5A35-47DA-B671-59599A6B1586}"
EndProject
Project("{FAE04EC0-301F-11D3-BF4B-00C04F79EFBC}") = "ReusableStyleResourcesExample", "ReusableStyleResourcesExample\ReusableStyleResourcesExample.csproj", "{E266EA41-4B72-4F83-872C-6ECF76BAC64E}"
EndProject
Project("{FAE04EC0-301F-11D3-BF4B-00C04F79EFBC}") = "OverideCustomStyleResourceExample", "OverideCustomStyleResourceExample\OverideCustomStyleResourceExample.csproj", "{00120E0B-5DA3-42A5-A824-311A94CC0358}"
EndProject
Project("{FAE04EC0-301F-11D3-BF4B-00C04F79EFBC}") = "UserProfile.WinFormsUI", "UserProfileManager\UserProfile.WinFormsUI\UserProfile.WinFormsUI.csproj", "{D686C99E-68BB-48C9-BAD3-5D4808C48148}"
EndProject
Project("{FAE04EC0-301F-11D3-BF4B-00C04F79EFBC}") = "UserProfile.Application", "UserProfileManager\UserProfile.Application\UserProfile.Application.csproj", "{52686BC2-8B64-424E-986B-C466AF30D841}"
EndProject
Project("{FAE04EC0-301F-11D3-BF4B-00C04F79EFBC}") = "UserProfile.Infrastructure", "UserProfileManager\UserProfile.Infrastructure\UserProfile.Infrastructure.csproj", "{C39F8E0A-B6DF-45C3-97B6-66C2DDB80942}"
EndProject
Project("{FAE04EC0-301F-11D3-BF4B-00C04F79EFBC}") = "UserProfile.Domain", "UserProfileManager\UserProfile.Domain\UserProfile.Domain.csproj", "{50B6A7FA-A664-4A3F-8A97-FCC34C0B377D}"
EndProject
Project("{FAE04EC0-301F-11D3-BF4B-00C04F79EFBC}") = "MVVMExample", "MVVM\MVVMExample.csproj", "{3D24D316-4C8C-469A-A0B9-E00E5D7B969F}"
EndProject
Project("{2150E333-8FDC-42A3-9474-1A3956D46DE8}") = "Projects", "Projects", "{12C51989-C3AA-475F-B42B-4119CC662BA4}"
EndProject
Project("{FAE04EC0-301F-11D3-BF4B-00C04F79EFBC}") = "WPFFormProject", "WPFFormProject\WPFFormProject.csproj", "{1E561606-C82C-4653-9E16-F66996B7BBB8}"
EndProject
Project("{FAE04EC0-301F-11D3-BF4B-00C04F79EFBC}") = "WFPFormProjectMVVM", "WFPFormProjectMVVM\WFPFormProjectMVVM.csproj", "{CA173DF1-05EA-40F9-8517-27EEE2FC3D81}"
EndProject
Project("{2150E333-8FDC-42A3-9474-1A3956D46DE8}") = "EmployeeManagement", "EmployeeManagement", "{444425AF-29A2-41B9-AA96-6AF544DC0EC8}"
	ProjectSection(SolutionItems) = preProject
		WPFFormProject\SQLQuery1.sql = WPFFormProject\SQLQuery1.sql
	EndProjectSection
EndProject
Project("{FAE04EC0-301F-11D3-BF4B-00C04F79EFBC}") = "EmployeeManager", "EmployeeManager\EmployeeManager.csproj", "{DDE12C18-2D9E-4C3A-9C2D-1C07D6E05BFD}"
EndProject
Project("{FAE04EC0-301F-11D3-BF4B-00C04F79EFBC}") = "EmployeeManagementPro", "EmployeeManagementPro\EmployeeManagementPro.csproj", "{95FEE9AF-D9EA-435C-9879-1677CCAEBAAB}"
EndProject
Global
	GlobalSection(SolutionConfigurationPlatforms) = preSolution
		Debug|Any CPU = Debug|Any CPU
		Release|Any CPU = Release|Any CPU
	EndGlobalSection
	GlobalSection(ProjectConfigurationPlatforms) = postSolution
		{57DF2B6F-49D3-4832-BFF0-C097E03FA1B8}.Debug|Any CPU.ActiveCfg = Debug|Any CPU
		{57DF2B6F-49D3-4832-BFF0-C097E03FA1B8}.Debug|Any CPU.Build.0 = Debug|Any CPU
		{57DF2B6F-49D3-4832-BFF0-C097E03FA1B8}.Release|Any CPU.ActiveCfg = Release|Any CPU
		{57DF2B6F-49D3-4832-BFF0-C097E03FA1B8}.Release|Any CPU.Build.0 = Release|Any CPU
		{4C646DFE-9A6C-4255-B27C-00B6450EE347}.Debug|Any CPU.ActiveCfg = Debug|Any CPU
		{4C646DFE-9A6C-4255-B27C-00B6450EE347}.Debug|Any CPU.Build.0 = Debug|Any CPU
		{4C646DFE-9A6C-4255-B27C-00B6450EE347}.Release|Any CPU.ActiveCfg = Release|Any CPU
		{4C646DFE-9A6C-4255-B27C-00B6450EE347}.Release|Any CPU.Build.0 = Release|Any CPU
		{097D898C-EC44-48C3-A6A4-A0C36D39A86E}.Debug|Any CPU.ActiveCfg = Debug|Any CPU
		{097D898C-EC44-48C3-A6A4-A0C36D39A86E}.Debug|Any CPU.Build.0 = Debug|Any CPU
		{097D898C-EC44-48C3-A6A4-A0C36D39A86E}.Release|Any CPU.ActiveCfg = Release|Any CPU
		{097D898C-EC44-48C3-A6A4-A0C36D39A86E}.Release|Any CPU.Build.0 = Release|Any CPU
		{B33E26C5-82A7-4352-90C7-A451A2FBAC7C}.Debug|Any CPU.ActiveCfg = Debug|Any CPU
		{B33E26C5-82A7-4352-90C7-A451A2FBAC7C}.Debug|Any CPU.Build.0 = Debug|Any CPU
		{B33E26C5-82A7-4352-90C7-A451A2FBAC7C}.Release|Any CPU.ActiveCfg = Release|Any CPU
		{B33E26C5-82A7-4352-90C7-A451A2FBAC7C}.Release|Any CPU.Build.0 = Release|Any CPU
		{2DBFEC19-974F-4B2F-B451-CB941104D5AF}.Debug|Any CPU.ActiveCfg = Debug|Any CPU
		{2DBFEC19-974F-4B2F-B451-CB941104D5AF}.Debug|Any CPU.Build.0 = Debug|Any CPU
		{2DBFEC19-974F-4B2F-B451-CB941104D5AF}.Release|Any CPU.ActiveCfg = Release|Any CPU
		{2DBFEC19-974F-4B2F-B451-CB941104D5AF}.Release|Any CPU.Build.0 = Release|Any CPU
		{12FFB2AB-6E7D-4326-B6CB-E965DF99E134}.Debug|Any CPU.ActiveCfg = Debug|Any CPU
		{12FFB2AB-6E7D-4326-B6CB-E965DF99E134}.Debug|Any CPU.Build.0 = Debug|Any CPU
		{12FFB2AB-6E7D-4326-B6CB-E965DF99E134}.Release|Any CPU.ActiveCfg = Release|Any CPU
		{12FFB2AB-6E7D-4326-B6CB-E965DF99E134}.Release|Any CPU.Build.0 = Release|Any CPU
		{A386B384-BE5E-41FD-BFCA-519988D1C157}.Debug|Any CPU.ActiveCfg = Debug|Any CPU
		{A386B384-BE5E-41FD-BFCA-519988D1C157}.Debug|Any CPU.Build.0 = Debug|Any CPU
		{A386B384-BE5E-41FD-BFCA-519988D1C157}.Release|Any CPU.ActiveCfg = Release|Any CPU
		{A386B384-BE5E-41FD-BFCA-519988D1C157}.Release|Any CPU.Build.0 = Release|Any CPU
		{8FCBAE68-FD83-4D68-A92D-F7A741874EA9}.Debug|Any CPU.ActiveCfg = Debug|Any CPU
		{8FCBAE68-FD83-4D68-A92D-F7A741874EA9}.Debug|Any CPU.Build.0 = Debug|Any CPU
		{8FCBAE68-FD83-4D68-A92D-F7A741874EA9}.Release|Any CPU.ActiveCfg = Release|Any CPU
		{8FCBAE68-FD83-4D68-A92D-F7A741874EA9}.Release|Any CPU.Build.0 = Release|Any CPU
		{AA9D3DC2-06C4-4D2C-9EE4-98376908E278}.Debug|Any CPU.ActiveCfg = Debug|Any CPU
		{AA9D3DC2-06C4-4D2C-9EE4-98376908E278}.Debug|Any CPU.Build.0 = Debug|Any CPU
		{AA9D3DC2-06C4-4D2C-9EE4-98376908E278}.Release|Any CPU.ActiveCfg = Release|Any CPU
		{AA9D3DC2-06C4-4D2C-9EE4-98376908E278}.Release|Any CPU.Build.0 = Release|Any CPU
		{16C00163-F603-43F7-8722-D2882572D028}.Debug|Any CPU.ActiveCfg = Debug|Any CPU
		{16C00163-F603-43F7-8722-D2882572D028}.Debug|Any CPU.Build.0 = Debug|Any CPU
		{16C00163-F603-43F7-8722-D2882572D028}.Release|Any CPU.ActiveCfg = Release|Any CPU
		{16C00163-F603-43F7-8722-D2882572D028}.Release|Any CPU.Build.0 = Release|Any CPU
		{C019538A-1902-454A-8247-EF651F02ECBF}.Debug|Any CPU.ActiveCfg = Debug|Any CPU
		{C019538A-1902-454A-8247-EF651F02ECBF}.Debug|Any CPU.Build.0 = Debug|Any CPU
		{C019538A-1902-454A-8247-EF651F02ECBF}.Release|Any CPU.ActiveCfg = Release|Any CPU
		{C019538A-1902-454A-8247-EF651F02ECBF}.Release|Any CPU.Build.0 = Release|Any CPU
		{88E83358-EEE7-4057-9792-72B2A47AEAD8}.Debug|Any CPU.ActiveCfg = Debug|Any CPU
		{88E83358-EEE7-4057-9792-72B2A47AEAD8}.Debug|Any CPU.Build.0 = Debug|Any CPU
		{88E83358-EEE7-4057-9792-72B2A47AEAD8}.Release|Any CPU.ActiveCfg = Release|Any CPU
		{88E83358-EEE7-4057-9792-72B2A47AEAD8}.Release|Any CPU.Build.0 = Release|Any CPU
		{50917967-C9BB-42C0-89DA-326573834169}.Debug|Any CPU.ActiveCfg = Debug|Any CPU
		{50917967-C9BB-42C0-89DA-326573834169}.Debug|Any CPU.Build.0 = Debug|Any CPU
		{50917967-C9BB-42C0-89DA-326573834169}.Release|Any CPU.ActiveCfg = Release|Any CPU
		{50917967-C9BB-42C0-89DA-326573834169}.Release|Any CPU.Build.0 = Release|Any CPU
		{D90C333C-C5B5-4BF8-A4E4-650055C3EFC9}.Debug|Any CPU.ActiveCfg = Debug|Any CPU
		{D90C333C-C5B5-4BF8-A4E4-650055C3EFC9}.Debug|Any CPU.Build.0 = Debug|Any CPU
		{D90C333C-C5B5-4BF8-A4E4-650055C3EFC9}.Release|Any CPU.ActiveCfg = Release|Any CPU
		{D90C333C-C5B5-4BF8-A4E4-650055C3EFC9}.Release|Any CPU.Build.0 = Release|Any CPU
		{6AB3ACDD-4203-48DF-A668-0C1425483ECE}.Debug|Any CPU.ActiveCfg = Debug|Any CPU
		{6AB3ACDD-4203-48DF-A668-0C1425483ECE}.Debug|Any CPU.Build.0 = Debug|Any CPU
		{6AB3ACDD-4203-48DF-A668-0C1425483ECE}.Release|Any CPU.ActiveCfg = Release|Any CPU
		{6AB3ACDD-4203-48DF-A668-0C1425483ECE}.Release|Any CPU.Build.0 = Release|Any CPU
		{C6FB071D-5A35-47DA-B671-59599A6B1586}.Debug|Any CPU.ActiveCfg = Debug|Any CPU
		{C6FB071D-5A35-47DA-B671-59599A6B1586}.Debug|Any CPU.Build.0 = Debug|Any CPU
		{C6FB071D-5A35-47DA-B671-59599A6B1586}.Release|Any CPU.ActiveCfg = Release|Any CPU
		{C6FB071D-5A35-47DA-B671-59599A6B1586}.Release|Any CPU.Build.0 = Release|Any CPU
		{E266EA41-4B72-4F83-872C-6ECF76BAC64E}.Debug|Any CPU.ActiveCfg = Debug|Any CPU
		{E266EA41-4B72-4F83-872C-6ECF76BAC64E}.Debug|Any CPU.Build.0 = Debug|Any CPU
		{E266EA41-4B72-4F83-872C-6ECF76BAC64E}.Release|Any CPU.ActiveCfg = Release|Any CPU
		{E266EA41-4B72-4F83-872C-6ECF76BAC64E}.Release|Any CPU.Build.0 = Release|Any CPU
		{00120E0B-5DA3-42A5-A824-311A94CC0358}.Debug|Any CPU.ActiveCfg = Debug|Any CPU
		{00120E0B-5DA3-42A5-A824-311A94CC0358}.Debug|Any CPU.Build.0 = Debug|Any CPU
		{00120E0B-5DA3-42A5-A824-311A94CC0358}.Release|Any CPU.ActiveCfg = Release|Any CPU
		{00120E0B-5DA3-42A5-A824-311A94CC0358}.Release|Any CPU.Build.0 = Release|Any CPU
		{D686C99E-68BB-48C9-BAD3-5D4808C48148}.Debug|Any CPU.ActiveCfg = Debug|Any CPU
		{D686C99E-68BB-48C9-BAD3-5D4808C48148}.Debug|Any CPU.Build.0 = Debug|Any CPU
		{D686C99E-68BB-48C9-BAD3-5D4808C48148}.Release|Any CPU.ActiveCfg = Release|Any CPU
		{D686C99E-68BB-48C9-BAD3-5D4808C48148}.Release|Any CPU.Build.0 = Release|Any CPU
		{52686BC2-8B64-424E-986B-C466AF30D841}.Debug|Any CPU.ActiveCfg = Debug|Any CPU
		{52686BC2-8B64-424E-986B-C466AF30D841}.Debug|Any CPU.Build.0 = Debug|Any CPU
		{52686BC2-8B64-424E-986B-C466AF30D841}.Release|Any CPU.ActiveCfg = Release|Any CPU
		{52686BC2-8B64-424E-986B-C466AF30D841}.Release|Any CPU.Build.0 = Release|Any CPU
		{C39F8E0A-B6DF-45C3-97B6-66C2DDB80942}.Debug|Any CPU.ActiveCfg = Debug|Any CPU
		{C39F8E0A-B6DF-45C3-97B6-66C2DDB80942}.Debug|Any CPU.Build.0 = Debug|Any CPU
		{C39F8E0A-B6DF-45C3-97B6-66C2DDB80942}.Release|Any CPU.ActiveCfg = Release|Any CPU
		{C39F8E0A-B6DF-45C3-97B6-66C2DDB80942}.Release|Any CPU.Build.0 = Release|Any CPU
		{50B6A7FA-A664-4A3F-8A97-FCC34C0B377D}.Debug|Any CPU.ActiveCfg = Debug|Any CPU
		{50B6A7FA-A664-4A3F-8A97-FCC34C0B377D}.Debug|Any CPU.Build.0 = Debug|Any CPU
		{50B6A7FA-A664-4A3F-8A97-FCC34C0B377D}.Release|Any CPU.ActiveCfg = Release|Any CPU
		{50B6A7FA-A664-4A3F-8A97-FCC34C0B377D}.Release|Any CPU.Build.0 = Release|Any CPU
		{3D24D316-4C8C-469A-A0B9-E00E5D7B969F}.Debug|Any CPU.ActiveCfg = Debug|Any CPU
		{3D24D316-4C8C-469A-A0B9-E00E5D7B969F}.Debug|Any CPU.Build.0 = Debug|Any CPU
		{3D24D316-4C8C-469A-A0B9-E00E5D7B969F}.Release|Any CPU.ActiveCfg = Release|Any CPU
		{3D24D316-4C8C-469A-A0B9-E00E5D7B969F}.Release|Any CPU.Build.0 = Release|Any CPU
		{1E561606-C82C-4653-9E16-F66996B7BBB8}.Debug|Any CPU.ActiveCfg = Debug|Any CPU
		{1E561606-C82C-4653-9E16-F66996B7BBB8}.Debug|Any CPU.Build.0 = Debug|Any CPU
		{1E561606-C82C-4653-9E16-F66996B7BBB8}.Release|Any CPU.ActiveCfg = Release|Any CPU
		{1E561606-C82C-4653-9E16-F66996B7BBB8}.Release|Any CPU.Build.0 = Release|Any CPU
		{CA173DF1-05EA-40F9-8517-27EEE2FC3D81}.Debug|Any CPU.ActiveCfg = Debug|Any CPU
		{CA173DF1-05EA-40F9-8517-27EEE2FC3D81}.Debug|Any CPU.Build.0 = Debug|Any CPU
		{CA173DF1-05EA-40F9-8517-27EEE2FC3D81}.Release|Any CPU.ActiveCfg = Release|Any CPU
		{CA173DF1-05EA-40F9-8517-27EEE2FC3D81}.Release|Any CPU.Build.0 = Release|Any CPU
		{DDE12C18-2D9E-4C3A-9C2D-1C07D6E05BFD}.Debug|Any CPU.ActiveCfg = Debug|Any CPU
		{DDE12C18-2D9E-4C3A-9C2D-1C07D6E05BFD}.Debug|Any CPU.Build.0 = Debug|Any CPU
		{DDE12C18-2D9E-4C3A-9C2D-1C07D6E05BFD}.Release|Any CPU.ActiveCfg = Release|Any CPU
		{DDE12C18-2D9E-4C3A-9C2D-1C07D6E05BFD}.Release|Any CPU.Build.0 = Release|Any CPU
		{95FEE9AF-D9EA-435C-9879-1677CCAEBAAB}.Debug|Any CPU.ActiveCfg = Debug|Any CPU
		{95FEE9AF-D9EA-435C-9879-1677CCAEBAAB}.Debug|Any CPU.Build.0 = Debug|Any CPU
		{95FEE9AF-D9EA-435C-9879-1677CCAEBAAB}.Release|Any CPU.ActiveCfg = Release|Any CPU
		{95FEE9AF-D9EA-435C-9879-1677CCAEBAAB}.Release|Any CPU.Build.0 = Release|Any CPU
	EndGlobalSection
	GlobalSection(SolutionProperties) = preSolution
		HideSolutionNode = FALSE
	EndGlobalSection
	GlobalSection(NestedProjects) = preSolution
		{57DF2B6F-49D3-4832-BFF0-C097E03FA1B8} = {5E2A5A38-2470-4F31-AC62-D0D99AC60C32}
		{4C646DFE-9A6C-4255-B27C-00B6450EE347} = {5E2A5A38-2470-4F31-AC62-D0D99AC60C32}
		{097D898C-EC44-48C3-A6A4-A0C36D39A86E} = {02EA681E-C7D8-13C7-8484-4AC65E1B71E8}
		{B33E26C5-82A7-4352-90C7-A451A2FBAC7C} = {02EA681E-C7D8-13C7-8484-4AC65E1B71E8}
		{2DBFEC19-974F-4B2F-B451-CB941104D5AF} = {02EA681E-C7D8-13C7-8484-4AC65E1B71E8}
		{12FFB2AB-6E7D-4326-B6CB-E965DF99E134} = {02EA681E-C7D8-13C7-8484-4AC65E1B71E8}
		{A386B384-BE5E-41FD-BFCA-519988D1C157} = {02EA681E-C7D8-13C7-8484-4AC65E1B71E8}
		{8FCBAE68-FD83-4D68-A92D-F7A741874EA9} = {02EA681E-C7D8-13C7-8484-4AC65E1B71E8}
		{AA9D3DC2-06C4-4D2C-9EE4-98376908E278} = {02EA681E-C7D8-13C7-8484-4AC65E1B71E8}
		{16C00163-F603-43F7-8722-D2882572D028} = {02EA681E-C7D8-13C7-8484-4AC65E1B71E8}
		{C019538A-1902-454A-8247-EF651F02ECBF} = {02EA681E-C7D8-13C7-8484-4AC65E1B71E8}
		{88E83358-EEE7-4057-9792-72B2A47AEAD8} = {5E2A5A38-2470-4F31-AC62-D0D99AC60C32}
		{50917967-C9BB-42C0-89DA-326573834169} = {02EA681E-C7D8-13C7-8484-4AC65E1B71E8}
		{D90C333C-C5B5-4BF8-A4E4-650055C3EFC9} = {02EA681E-C7D8-13C7-8484-4AC65E1B71E8}
		{6AB3ACDD-4203-48DF-A668-0C1425483ECE} = {02EA681E-C7D8-13C7-8484-4AC65E1B71E8}
		{C6FB071D-5A35-47DA-B671-59599A6B1586} = {02EA681E-C7D8-13C7-8484-4AC65E1B71E8}
		{E266EA41-4B72-4F83-872C-6ECF76BAC64E} = {02EA681E-C7D8-13C7-8484-4AC65E1B71E8}
		{00120E0B-5DA3-42A5-A824-311A94CC0358} = {02EA681E-C7D8-13C7-8484-4AC65E1B71E8}
		{D686C99E-68BB-48C9-BAD3-5D4808C48148} = {5E2A5A38-2470-4F31-AC62-D0D99AC60C32}
		{52686BC2-8B64-424E-986B-C466AF30D841} = {5E2A5A38-2470-4F31-AC62-D0D99AC60C32}
		{C39F8E0A-B6DF-45C3-97B6-66C2DDB80942} = {5E2A5A38-2470-4F31-AC62-D0D99AC60C32}
		{50B6A7FA-A664-4A3F-8A97-FCC34C0B377D} = {5E2A5A38-2470-4F31-AC62-D0D99AC60C32}
		{3D24D316-4C8C-469A-A0B9-E00E5D7B969F} = {02EA681E-C7D8-13C7-8484-4AC65E1B71E8}
		{12C51989-C3AA-475F-B42B-4119CC662BA4} = {02EA681E-C7D8-13C7-8484-4AC65E1B71E8}
		{1E561606-C82C-4653-9E16-F66996B7BBB8} = {12C51989-C3AA-475F-B42B-4119CC662BA4}
		{CA173DF1-05EA-40F9-8517-27EEE2FC3D81} = {12C51989-C3AA-475F-B42B-4119CC662BA4}
		{444425AF-29A2-41B9-AA96-6AF544DC0EC8} = {12C51989-C3AA-475F-B42B-4119CC662BA4}
		{DDE12C18-2D9E-4C3A-9C2D-1C07D6E05BFD} = {444425AF-29A2-41B9-AA96-6AF544DC0EC8}
		{95FEE9AF-D9EA-435C-9879-1677CCAEBAAB} = {444425AF-29A2-41B9-AA96-6AF544DC0EC8}
	EndGlobalSection
	GlobalSection(ExtensibilityGlobals) = postSolution
		SolutionGuid = {9D9F6C7F-EF40-491E-A607-5F57F0275434}
	EndGlobalSection
EndGlobal
